
Microsoft Visual Studio Solution File, Format Version 12.00
# Visual Studio Version 17
VisualStudioVersion = 17.8.34330.188
MinimumVisualStudioVersion = 10.0.40219.1
Project("{FAE04EC0-301F-11D3-BF4B-00C04F79EFBC}") = "Final", "Final\Final.csproj", "{CBA66902-194D-4199-98B2-8C5D8D274588}"
EndProject
Global
	GlobalSection(SolutionConfigurationPlatforms) = preSolution
		Debug|Any CPU = Debug|Any CPU
		Release|Any CPU = Release|Any CPU
	EndGlobalSection
	GlobalSection(ProjectConfigurationPlatforms) = postSolution
		{CBA66902-194D-4199-98B2-8C5D8D274588}.Debug|Any CPU.ActiveCfg = Debug|Any CPU
		{CBA66902-194D-4199-98B2-8C5D8D274588}.Debug|Any CPU.Build.0 = Debug|Any CPU
		{CBA66902-194D-4199-98B2-8C5D8D274588}.Release|Any CPU.ActiveCfg = Release|Any CPU
		{CBA66902-194D-4199-98B2-8C5D8D274588}.Release|Any CPU.Build.0 = Release|Any CPU
	EndGlobalSection
	GlobalSection(SolutionProperties) = preSolution
		HideSolutionNode = FALSE
	EndGlobalSection
	GlobalSection(ExtensibilityGlobals) = postSolution
		SolutionGuid = {6D0C9176-0E3C-4086-87E6-B3C957B10055}
	EndGlobalSection
EndGlobal
